
Microsoft Visual Studio Solution File, Format Version 12.00
# Visual Studio Version 17
VisualStudioVersion = 17.9.34728.123
MinimumVisualStudioVersion = 10.0.40219.1
Project("{FAE04EC0-301F-11D3-BF4B-00C04F79EFBC}") = "BookStore", "BookStore.csproj", "{850D7189-5AB7-4D30-9B0D-B64E508B31F0}"
EndProject
Project("{FAE04EC0-301F-11D3-BF4B-00C04F79EFBC}") = "Book.DataAccess", "..\Book.DataAccess\Book.DataAccess.csproj", "{A6E1E447-A3DD-4991-A5A5-60F566816E01}"
EndProject
Project("{FAE04EC0-301F-11D3-BF4B-00C04F79EFBC}") = "Book.Models", "..\Book.Models\Book.Models.csproj", "{7760ABD2-B4FC-4E03-90B5-208E00268177}"
EndProject
Project("{FAE04EC0-301F-11D3-BF4B-00C04F79EFBC}") = "Book.Utility", "..\Book.Utility\Book.Utility.csproj", "{1F918BE8-9F50-4728-B96C-B00B14C643D6}"
EndProject
Global
	GlobalSection(SolutionConfigurationPlatforms) = preSolution
		Debug|Any CPU = Debug|Any CPU
		Release|Any CPU = Release|Any CPU
	EndGlobalSection
	GlobalSection(ProjectConfigurationPlatforms) = postSolution
		{850D7189-5AB7-4D30-9B0D-B64E508B31F0}.Debug|Any CPU.ActiveCfg = Debug|Any CPU
		{850D7189-5AB7-4D30-9B0D-B64E508B31F0}.Debug|Any CPU.Build.0 = Debug|Any CPU
		{850D7189-5AB7-4D30-9B0D-B64E508B31F0}.Release|Any CPU.ActiveCfg = Release|Any CPU
		{850D7189-5AB7-4D30-9B0D-B64E508B31F0}.Release|Any CPU.Build.0 = Release|Any CPU
		{A6E1E447-A3DD-4991-A5A5-60F566816E01}.Debug|Any CPU.ActiveCfg = Debug|Any CPU
		{A6E1E447-A3DD-4991-A5A5-60F566816E01}.Debug|Any CPU.Build.0 = Debug|Any CPU
		{A6E1E447-A3DD-4991-A5A5-60F566816E01}.Release|Any CPU.ActiveCfg = Release|Any CPU
		{A6E1E447-A3DD-4991-A5A5-60F566816E01}.Release|Any CPU.Build.0 = Release|Any CPU
		{7760ABD2-B4FC-4E03-90B5-208E00268177}.Debug|Any CPU.ActiveCfg = Debug|Any CPU
		{7760ABD2-B4FC-4E03-90B5-208E00268177}.Debug|Any CPU.Build.0 = Debug|Any CPU
		{7760ABD2-B4FC-4E03-90B5-208E00268177}.Release|Any CPU.ActiveCfg = Release|Any CPU
		{7760ABD2-B4FC-4E03-90B5-208E00268177}.Release|Any CPU.Build.0 = Release|Any CPU
		{1F918BE8-9F50-4728-B96C-B00B14C643D6}.Debug|Any CPU.ActiveCfg = Debug|Any CPU
		{1F918BE8-9F50-4728-B96C-B00B14C643D6}.Debug|Any CPU.Build.0 = Debug|Any CPU
		{1F918BE8-9F50-4728-B96C-B00B14C643D6}.Release|Any CPU.ActiveCfg = Release|Any CPU
		{1F918BE8-9F50-4728-B96C-B00B14C643D6}.Release|Any CPU.Build.0 = Release|Any CPU
	EndGlobalSection
	GlobalSection(SolutionProperties) = preSolution
		HideSolutionNode = FALSE
	EndGlobalSection
	GlobalSection(ExtensibilityGlobals) = postSolution
		SolutionGuid = {EE14288E-41FE-4A86-BB94-B91B958ACBE9}
	EndGlobalSection
EndGlobal
